
Microsoft Visual Studio Solution File, Format Version 12.00
# Visual Studio 15
VisualStudioVersion = 15.0.28010.2036
MinimumVisualStudioVersion = 10.0.40219.1
Project("{FAE04EC0-301F-11D3-BF4B-00C04F79EFBC}") = "View", "WpfApp1\View.csproj", "{5BE3603C-19FE-4B2A-90F5-219AA37687C3}"
EndProject
Project("{FAE04EC0-301F-11D3-BF4B-00C04F79EFBC}") = "Model", "Model\Model.csproj", "{CE6B21F8-CCFA-43D3-BD7B-DCF8FEBFE9F2}"
EndProject
Project("{FAE04EC0-301F-11D3-BF4B-00C04F79EFBC}") = "ViewModel", "ViewModel\ViewModel.csproj", "{4361F849-C20A-469C-B4B2-FA8715585EF7}"
EndProject
Project("{FAE04EC0-301F-11D3-BF4B-00C04F79EFBC}") = "DAL", "DAL\DAL.csproj", "{E21DD514-7D1B-4B04-8B45-E51A018DCA12}"
EndProject
Global
	GlobalSection(SolutionConfigurationPlatforms) = preSolution
		Debug|Any CPU = Debug|Any CPU
		Release|Any CPU = Release|Any CPU
	EndGlobalSection
	GlobalSection(ProjectConfigurationPlatforms) = postSolution
		{5BE3603C-19FE-4B2A-90F5-219AA37687C3}.Debug|Any CPU.ActiveCfg = Debug|Any CPU
		{5BE3603C-19FE-4B2A-90F5-219AA37687C3}.Debug|Any CPU.Build.0 = Debug|Any CPU
		{5BE3603C-19FE-4B2A-90F5-219AA37687C3}.Release|Any CPU.ActiveCfg = Release|Any CPU
		{5BE3603C-19FE-4B2A-90F5-219AA37687C3}.Release|Any CPU.Build.0 = Release|Any CPU
		{CE6B21F8-CCFA-43D3-BD7B-DCF8FEBFE9F2}.Debug|Any CPU.ActiveCfg = Debug|Any CPU
		{CE6B21F8-CCFA-43D3-BD7B-DCF8FEBFE9F2}.Debug|Any CPU.Build.0 = Debug|Any CPU
		{CE6B21F8-CCFA-43D3-BD7B-DCF8FEBFE9F2}.Release|Any CPU.ActiveCfg = Release|Any CPU
		{CE6B21F8-CCFA-43D3-BD7B-DCF8FEBFE9F2}.Release|Any CPU.Build.0 = Release|Any CPU
		{4361F849-C20A-469C-B4B2-FA8715585EF7}.Debug|Any CPU.ActiveCfg = Debug|Any CPU
		{4361F849-C20A-469C-B4B2-FA8715585EF7}.Debug|Any CPU.Build.0 = Debug|Any CPU
		{4361F849-C20A-469C-B4B2-FA8715585EF7}.Release|Any CPU.ActiveCfg = Release|Any CPU
		{4361F849-C20A-469C-B4B2-FA8715585EF7}.Release|Any CPU.Build.0 = Release|Any CPU
		{E21DD514-7D1B-4B04-8B45-E51A018DCA12}.Debug|Any CPU.ActiveCfg = Debug|Any CPU
		{E21DD514-7D1B-4B04-8B45-E51A018DCA12}.Debug|Any CPU.Build.0 = Debug|Any CPU
		{E21DD514-7D1B-4B04-8B45-E51A018DCA12}.Release|Any CPU.ActiveCfg = Release|Any CPU
		{E21DD514-7D1B-4B04-8B45-E51A018DCA12}.Release|Any CPU.Build.0 = Release|Any CPU
	EndGlobalSection
	GlobalSection(SolutionProperties) = preSolution
		HideSolutionNode = FALSE
	EndGlobalSection
	GlobalSection(ExtensibilityGlobals) = postSolution
		SolutionGuid = {F7C293A9-95F6-4F68-ACF2-3BAC5B9B94D2}
	EndGlobalSection
EndGlobal
